
Microsoft Visual Studio Solution File, Format Version 12.00
# Visual Studio 2013
VisualStudioVersion = 12.0.21005.1
MinimumVisualStudioVersion = 10.0.40219.1
Project("{FAE04EC0-301F-11D3-BF4B-00C04F79EFBC}") = "Adapter.Birds", "Adapter.Birds.csproj", "{FE710B2A-5D26-43B2-9FEF-F11E9A649B73}"
EndProject
Global
	GlobalSection(SolutionConfigurationPlatforms) = preSolution
		Debug|Any CPU = Debug|Any CPU
		Release|Any CPU = Release|Any CPU
	EndGlobalSection
	GlobalSection(ProjectConfigurationPlatforms) = postSolution
		{FE710B2A-5D26-43B2-9FEF-F11E9A649B73}.Debug|Any CPU.ActiveCfg = Debug|Any CPU
		{FE710B2A-5D26-43B2-9FEF-F11E9A649B73}.Debug|Any CPU.Build.0 = Debug|Any CPU
		{FE710B2A-5D26-43B2-9FEF-F11E9A649B73}.Release|Any CPU.ActiveCfg = Release|Any CPU
		{FE710B2A-5D26-43B2-9FEF-F11E9A649B73}.Release|Any CPU.Build.0 = Release|Any CPU
	EndGlobalSection
	GlobalSection(SolutionProperties) = preSolution
		HideSolutionNode = FALSE
	EndGlobalSection
EndGlobal
